// !$*UTF8*$!
{
	archiveVersion = 1;
	classes = {
	};
	objectVersion = 77;
	objects = {

/* Begin PBXBuildFile section */
		02A4DCC62F49684A640B68FC /* NikiDockView.swift in Sources */ = {isa = PBXBuildFile; fileRef = 82A7F183C94D7A2E8D28A777 /* NikiDockView.swift */; };
		09025FA3E86CC08268B191CF /* NikiDesktopApp.swift in Sources */ = {isa = PBXBuildFile; fileRef = 5F23A8764D6C9D3A3EA8E2D3 /* NikiDesktopApp.swift */; };
		0EAF03C0C12C4C5AA6807AEB /* NikiGlass.swift in Sources */ = {isa = PBXBuildFile; fileRef = C8A4D4BA961A741CC4C2332C /* NikiGlass.swift */; };
		2AD6C537DC6ACC71FF75D1E3 /* NikiSidebarPanels.swift in Sources */ = {isa = PBXBuildFile; fileRef = 8530F3C4A661CDA44DFFC253 /* NikiSidebarPanels.swift */; };
		4769FF60DDD649C501DA53AB /* NikiModels.swift in Sources */ = {isa = PBXBuildFile; fileRef = 8D6BDDB5EE07D85A25F70073 /* NikiModels.swift */; };
		4F77E843762AF0C7B39D5044 /* NikiAuthViews.swift in Sources */ = {isa = PBXBuildFile; fileRef = 0B71C426FDA8BF520FD79257 /* NikiAuthViews.swift */; };
		9CFEFAC5E077D5F52DCBC22E /* NikiColorHex.swift in Sources */ = {isa = PBXBuildFile; fileRef = 295DC4F63A1470EF0B53D91C /* NikiColorHex.swift */; };
		9FC7050234CF7CEF2AF92F35 /* NikiOrbView.swift in Sources */ = {isa = PBXBuildFile; fileRef = E103424A1FAB11D19E111BFF /* NikiOrbView.swift */; };
		A4FD011D187F9051E19A398B /* NikiChatSidebar.swift in Sources */ = {isa = PBXBuildFile; fileRef = D837F4F7DF80BBE68DC5F1B8 /* NikiChatSidebar.swift */; };
		BD16A9CD39B90CD29CE29EDC /* NikiAPIClient.swift in Sources */ = {isa = PBXBuildFile; fileRef = 7506CE44ED1D0996447CD170 /* NikiAPIClient.swift */; };
		C2B5C3CE4B3B2C9C81D8AC19 /* NikiShellView.swift in Sources */ = {isa = PBXBuildFile; fileRef = 0886753659E9A8A4D9EEBBB5 /* NikiShellView.swift */; };
		C3892AA8D5DAC9B44C4AAC54 /* DockItem.swift in Sources */ = {isa = PBXBuildFile; fileRef = 7875E7C9E92D05179E838E15 /* DockItem.swift */; };
		D42653A2CE9D4A5B2240FD75 /* NikiAppModel.swift in Sources */ = {isa = PBXBuildFile; fileRef = 727706F2D16B2CAED8BD64D8 /* NikiAppModel.swift */; };
		F24D007F83F8AD0FCEE50D18 /* ContentView.swift in Sources */ = {isa = PBXBuildFile; fileRef = 1667868FAE18CBAF77B2722F /* ContentView.swift */; };
		FB5625CC99F8394458677668 /* NikiComposerTextView.swift in Sources */ = {isa = PBXBuildFile; fileRef = 3B9971BE1765A13B5A785432 /* NikiComposerTextView.swift */; };
		FFC7425784B48180EDCE1752 /* NikiChatRendering.swift in Sources */ = {isa = PBXBuildFile; fileRef = 4238B0A6E71F4C0584CA1C65 /* NikiChatRendering.swift */; };
/* End PBXBuildFile section */

/* Begin PBXFileReference section */
		06A1C4F60AEEEB63289F22D7 /* NikiDesktop.app */ = {isa = PBXFileReference; explicitFileType = wrapper.application; includeInIndex = 0; path = NikiDesktop.app; sourceTree = BUILT_PRODUCTS_DIR; };
		0886753659E9A8A4D9EEBBB5 /* NikiShellView.swift */ = {isa = PBXFileReference; lastKnownFileType = sourcecode.swift; path = NikiShellView.swift; sourceTree = "<group>"; };
		0B71C426FDA8BF520FD79257 /* NikiAuthViews.swift */ = {isa = PBXFileReference; lastKnownFileType = sourcecode.swift; path = NikiAuthViews.swift; sourceTree = "<group>"; };
		1667868FAE18CBAF77B2722F /* ContentView.swift */ = {isa = PBXFileReference; lastKnownFileType = sourcecode.swift; path = ContentView.swift; sourceTree = "<group>"; };
		295DC4F63A1470EF0B53D91C /* NikiColorHex.swift */ = {isa = PBXFileReference; lastKnownFileType = sourcecode.swift; path = NikiColorHex.swift; sourceTree = "<group>"; };
		3B9971BE1765A13B5A785432 /* NikiComposerTextView.swift */ = {isa = PBXFileReference; lastKnownFileType = sourcecode.swift; path = NikiComposerTextView.swift; sourceTree = "<group>"; };
		4238B0A6E71F4C0584CA1C65 /* NikiChatRendering.swift */ = {isa = PBXFileReference; lastKnownFileType = sourcecode.swift; path = NikiChatRendering.swift; sourceTree = "<group>"; };
		5F23A8764D6C9D3A3EA8E2D3 /* NikiDesktopApp.swift */ = {isa = PBXFileReference; lastKnownFileType = sourcecode.swift; path = NikiDesktopApp.swift; sourceTree = "<group>"; };
		727706F2D16B2CAED8BD64D8 /* NikiAppModel.swift */ = {isa = PBXFileReference; lastKnownFileType = sourcecode.swift; path = NikiAppModel.swift; sourceTree = "<group>"; };
		7506CE44ED1D0996447CD170 /* NikiAPIClient.swift */ = {isa = PBXFileReference; lastKnownFileType = sourcecode.swift; path = NikiAPIClient.swift; sourceTree = "<group>"; };
		7875E7C9E92D05179E838E15 /* DockItem.swift */ = {isa = PBXFileReference; lastKnownFileType = sourcecode.swift; path = DockItem.swift; sourceTree = "<group>"; };
		82A7F183C94D7A2E8D28A777 /* NikiDockView.swift */ = {isa = PBXFileReference; lastKnownFileType = sourcecode.swift; path = NikiDockView.swift; sourceTree = "<group>"; };
		8530F3C4A661CDA44DFFC253 /* NikiSidebarPanels.swift */ = {isa = PBXFileReference; lastKnownFileType = sourcecode.swift; path = NikiSidebarPanels.swift; sourceTree = "<group>"; };
		8D6BDDB5EE07D85A25F70073 /* NikiModels.swift */ = {isa = PBXFileReference; lastKnownFileType = sourcecode.swift; path = NikiModels.swift; sourceTree = "<group>"; };
		C8A4D4BA961A741CC4C2332C /* NikiGlass.swift */ = {isa = PBXFileReference; lastKnownFileType = sourcecode.swift; path = NikiGlass.swift; sourceTree = "<group>"; };
		D837F4F7DF80BBE68DC5F1B8 /* NikiChatSidebar.swift */ = {isa = PBXFileReference; lastKnownFileType = sourcecode.swift; path = NikiChatSidebar.swift; sourceTree = "<group>"; };
		E103424A1FAB11D19E111BFF /* NikiOrbView.swift */ = {isa = PBXFileReference; lastKnownFileType = sourcecode.swift; path = NikiOrbView.swift; sourceTree = "<group>"; };
/* End PBXFileReference section */

/* Begin PBXGroup section */
		08B31758F346680B97C090C9 /* NikiDesktop */ = {
			isa = PBXGroup;
			children = (
				1667868FAE18CBAF77B2722F /* ContentView.swift */,
				5F23A8764D6C9D3A3EA8E2D3 /* NikiDesktopApp.swift */,
				381089AA64963C42C293B55B /* Components */,
				86812ED3C62FB92C55BB1EFA /* Core */,
				2659AE390B9D8C82D58F0B97 /* Models */,
				AB1F1752C415871ACCC48A67 /* Shell */,
			);
			path = NikiDesktop;
			sourceTree = "<group>";
		};
		2659AE390B9D8C82D58F0B97 /* Models */ = {
			isa = PBXGroup;
			children = (
				7875E7C9E92D05179E838E15 /* DockItem.swift */,
			);
			path = Models;
			sourceTree = "<group>";
		};
		381089AA64963C42C293B55B /* Components */ = {
			isa = PBXGroup;
			children = (
				0B71C426FDA8BF520FD79257 /* NikiAuthViews.swift */,
				4238B0A6E71F4C0584CA1C65 /* NikiChatRendering.swift */,
				D837F4F7DF80BBE68DC5F1B8 /* NikiChatSidebar.swift */,
				295DC4F63A1470EF0B53D91C /* NikiColorHex.swift */,
				3B9971BE1765A13B5A785432 /* NikiComposerTextView.swift */,
				82A7F183C94D7A2E8D28A777 /* NikiDockView.swift */,
				C8A4D4BA961A741CC4C2332C /* NikiGlass.swift */,
				E103424A1FAB11D19E111BFF /* NikiOrbView.swift */,
				8530F3C4A661CDA44DFFC253 /* NikiSidebarPanels.swift */,
			);
			path = Components;
			sourceTree = "<group>";
		};
		86812ED3C62FB92C55BB1EFA /* Core */ = {
			isa = PBXGroup;
			children = (
				7506CE44ED1D0996447CD170 /* NikiAPIClient.swift */,
				727706F2D16B2CAED8BD64D8 /* NikiAppModel.swift */,
				8D6BDDB5EE07D85A25F70073 /* NikiModels.swift */,
			);
			path = Core;
			sourceTree = "<group>";
		};
		8CE9BAC07072043B68AA3854 /* Products */ = {
			isa = PBXGroup;
			children = (
				06A1C4F60AEEEB63289F22D7 /* NikiDesktop.app */,
			);
			name = Products;
			sourceTree = "<group>";
		};
		AB1F1752C415871ACCC48A67 /* Shell */ = {
			isa = PBXGroup;
			children = (
				0886753659E9A8A4D9EEBBB5 /* NikiShellView.swift */,
			);
			path = Shell;
			sourceTree = "<group>";
		};
		C95003DD11682B2BE742643B = {
			isa = PBXGroup;
			children = (
				08B31758F346680B97C090C9 /* NikiDesktop */,
				8CE9BAC07072043B68AA3854 /* Products */,
			);
			sourceTree = "<group>";
		};
/* End PBXGroup section */

/* Begin PBXNativeTarget section */
		A7E817244DECAA6E80DE50FE /* NikiDesktop */ = {
			isa = PBXNativeTarget;
			buildConfigurationList = 4A26658591281EAE3D5F2D58 /* Build configuration list for PBXNativeTarget "NikiDesktop" */;
			buildPhases = (
				36A54FDFD3962B1342A27078 /* Sources */,
			);
			buildRules = (
			);
			dependencies = (
			);
			name = NikiDesktop;
			packageProductDependencies = (
			);
			productName = NikiDesktop;
			productReference = 06A1C4F60AEEEB63289F22D7 /* NikiDesktop.app */;
			productType = "com.apple.product-type.application";
		};
/* End PBXNativeTarget section */

/* Begin PBXProject section */
		CCE4EC123361F1A802A9B537 /* Project object */ = {
			isa = PBXProject;
			attributes = {
				BuildIndependentTargetsInParallel = YES;
				LastUpgradeCheck = 1430;
				TargetAttributes = {
					A7E817244DECAA6E80DE50FE = {
						DevelopmentTeam = "";
						ProvisioningStyle = Automatic;
					};
				};
			};
			buildConfigurationList = 74911BF7FC8DD1E0DD1729CF /* Build configuration list for PBXProject "NikiDesktop" */;
			developmentRegion = en;
			hasScannedForEncodings = 0;
			knownRegions = (
				Base,
				en,
			);
			mainGroup = C95003DD11682B2BE742643B;
			minimizedProjectReferenceProxies = 1;
			preferredProjectObjectVersion = 77;
			productRefGroup = 8CE9BAC07072043B68AA3854 /* Products */;
			projectDirPath = "";
			projectRoot = "";
			targets = (
				A7E817244DECAA6E80DE50FE /* NikiDesktop */,
			);
		};
/* End PBXProject section */

/* Begin PBXSourcesBuildPhase section */
		36A54FDFD3962B1342A27078 /* Sources */ = {
			isa = PBXSourcesBuildPhase;
			buildActionMask = 2147483647;
			files = (
				F24D007F83F8AD0FCEE50D18 /* ContentView.swift in Sources */,
				C3892AA8D5DAC9B44C4AAC54 /* DockItem.swift in Sources */,
				BD16A9CD39B90CD29CE29EDC /* NikiAPIClient.swift in Sources */,
				D42653A2CE9D4A5B2240FD75 /* NikiAppModel.swift in Sources */,
				4F77E843762AF0C7B39D5044 /* NikiAuthViews.swift in Sources */,
				FFC7425784B48180EDCE1752 /* NikiChatRendering.swift in Sources */,
				A4FD011D187F9051E19A398B /* NikiChatSidebar.swift in Sources */,
				9CFEFAC5E077D5F52DCBC22E /* NikiColorHex.swift in Sources */,
				FB5625CC99F8394458677668 /* NikiComposerTextView.swift in Sources */,
				09025FA3E86CC08268B191CF /* NikiDesktopApp.swift in Sources */,
				02A4DCC62F49684A640B68FC /* NikiDockView.swift in Sources */,
				0EAF03C0C12C4C5AA6807AEB /* NikiGlass.swift in Sources */,
				4769FF60DDD649C501DA53AB /* NikiModels.swift in Sources */,
				9FC7050234CF7CEF2AF92F35 /* NikiOrbView.swift in Sources */,
				C2B5C3CE4B3B2C9C81D8AC19 /* NikiShellView.swift in Sources */,
				2AD6C537DC6ACC71FF75D1E3 /* NikiSidebarPanels.swift in Sources */,
			);
			runOnlyForDeploymentPostprocessing = 0;
		};
/* End PBXSourcesBuildPhase section */

/* Begin XCBuildConfiguration section */
		28792AE6B5E55F78534545B5 /* Release */ = {
			isa = XCBuildConfiguration;
			buildSettings = {
				ALWAYS_SEARCH_USER_PATHS = NO;
				CLANG_ANALYZER_NONNULL = YES;
				CLANG_ANALYZER_NUMBER_OBJECT_CONVERSION = YES_AGGRESSIVE;
				CLANG_CXX_LANGUAGE_STANDARD = "gnu++14";
				CLANG_CXX_LIBRARY = "libc++";
				CLANG_ENABLE_MODULES = YES;
				CLANG_ENABLE_OBJC_ARC = YES;
				CLANG_ENABLE_OBJC_WEAK = YES;
				CLANG_WARN_BLOCK_CAPTURE_AUTORELEASING = YES;
				CLANG_WARN_BOOL_CONVERSION = YES;
				CLANG_WARN_COMMA = YES;
				CLANG_WARN_CONSTANT_CONVERSION = YES;
				CLANG_WARN_DEPRECATED_OBJC_IMPLEMENTATIONS = YES;
				CLANG_WARN_DIRECT_OBJC_ISA_USAGE = YES_ERROR;
				CLANG_WARN_DOCUMENTATION_COMMENTS = YES;
				CLANG_WARN_EMPTY_BODY = YES;
				CLANG_WARN_ENUM_CONVERSION = YES;
				CLANG_WARN_INFINITE_RECURSION = YES;
				CLANG_WARN_INT_CONVERSION = YES;
				CLANG_WARN_NON_LITERAL_NULL_CONVERSION = YES;
				CLANG_WARN_OBJC_IMPLICIT_RETAIN_SELF = YES;
				CLANG_WARN_OBJC_LITERAL_CONVERSION = YES;
				CLANG_WARN_OBJC_ROOT_CLASS = YES_ERROR;
				CLANG_WARN_QUOTED_INCLUDE_IN_FRAMEWORK_HEADER = YES;
				CLANG_WARN_RANGE_LOOP_ANALYSIS = YES;
				CLANG_WARN_STRICT_PROTOTYPES = YES;
				CLANG_WARN_SUSPICIOUS_MOVE = YES;
				CLANG_WARN_UNGUARDED_AVAILABILITY = YES_AGGRESSIVE;
				CLANG_WARN_UNREACHABLE_CODE = YES;
				CLANG_WARN__DUPLICATE_METHOD_MATCH = YES;
				CODE_SIGN_STYLE = Automatic;
				COPY_PHASE_STRIP = NO;
				DEBUG_INFORMATION_FORMAT = "dwarf-with-dsym";
				DEVELOPMENT_TEAM = "";
				ENABLE_NS_ASSERTIONS = NO;
				ENABLE_STRICT_OBJC_MSGSEND = YES;
				GCC_C_LANGUAGE_STANDARD = gnu11;
				GCC_NO_COMMON_BLOCKS = YES;
				GCC_WARN_64_TO_32_BIT_CONVERSION = YES;
				GCC_WARN_ABOUT_RETURN_TYPE = YES_ERROR;
				GCC_WARN_UNDECLARED_SELECTOR = YES;
				GCC_WARN_UNINITIALIZED_AUTOS = YES_AGGRESSIVE;
				GCC_WARN_UNUSED_FUNCTION = YES;
				GCC_WARN_UNUSED_VARIABLE = YES;
				MACOSX_DEPLOYMENT_TARGET = 14.0;
				MTL_ENABLE_DEBUG_INFO = NO;
				MTL_FAST_MATH = YES;
				PRODUCT_BUNDLE_IDENTIFIER = com.niki.desktop;
				PRODUCT_NAME = "$(TARGET_NAME)";
				SDKROOT = macosx;
				SWIFT_COMPILATION_MODE = wholemodule;
				SWIFT_OPTIMIZATION_LEVEL = "-O";
				SWIFT_VERSION = 5.10;
			};
			name = Release;
		};
		5DE8CD838E4A0833749419D1 /* Release */ = {
			isa = XCBuildConfiguration;
			buildSettings = {
				ASSETCATALOG_COMPILER_APPICON_NAME = AppIcon;
				COMBINE_HIDPI_IMAGES = YES;
				CURRENT_PROJECT_VERSION = 1;
				ENABLE_HARDENED_RUNTIME = NO;
				GENERATE_INFOPLIST_FILE = YES;
				INFOPLIST_KEY_CFBundleDisplayName = Niki;
				INFOPLIST_KEY_LSApplicationCategoryType = "public.app-category.productivity";
				INFOPLIST_KEY_NSHumanReadableCopyright = "";
				INFOPLIST_KEY_NSMicrophoneUsageDescription = "Niki uses the microphone to transcribe voice prompts into chat.";
				INFOPLIST_KEY_NSPrincipalClass = NSApplication;
				LD_RUNPATH_SEARCH_PATHS = (
					"$(inherited)",
					"@executable_path/../Frameworks",
				);
				MACOSX_DEPLOYMENT_TARGET = 14.0;
				MARKETING_VERSION = 1.0;
				PRODUCT_NAME = Niki;
				SDKROOT = macosx;
			};
			name = Release;
		};
		64F5A0F284CFC8704B73A2CD /* Debug */ = {
			isa = XCBuildConfiguration;
			buildSettings = {
				ALWAYS_SEARCH_USER_PATHS = NO;
				CLANG_ANALYZER_NONNULL = YES;
				CLANG_ANALYZER_NUMBER_OBJECT_CONVERSION = YES_AGGRESSIVE;
				CLANG_CXX_LANGUAGE_STANDARD = "gnu++14";
				CLANG_CXX_LIBRARY = "libc++";
				CLANG_ENABLE_MODULES = YES;
				CLANG_ENABLE_OBJC_ARC = YES;
				CLANG_ENABLE_OBJC_WEAK = YES;
				CLANG_WARN_BLOCK_CAPTURE_AUTORELEASING = YES;
				CLANG_WARN_BOOL_CONVERSION = YES;
				CLANG_WARN_COMMA = YES;
				CLANG_WARN_CONSTANT_CONVERSION = YES;
				CLANG_WARN_DEPRECATED_OBJC_IMPLEMENTATIONS = YES;
				CLANG_WARN_DIRECT_OBJC_ISA_USAGE = YES_ERROR;
				CLANG_WARN_DOCUMENTATION_COMMENTS = YES;
				CLANG_WARN_EMPTY_BODY = YES;
				CLANG_WARN_ENUM_CONVERSION = YES;
				CLANG_WARN_INFINITE_RECURSION = YES;
				CLANG_WARN_INT_CONVERSION = YES;
				CLANG_WARN_NON_LITERAL_NULL_CONVERSION = YES;
				CLANG_WARN_OBJC_IMPLICIT_RETAIN_SELF = YES;
				CLANG_WARN_OBJC_LITERAL_CONVERSION = YES;
				CLANG_WARN_OBJC_ROOT_CLASS = YES_ERROR;
				CLANG_WARN_QUOTED_INCLUDE_IN_FRAMEWORK_HEADER = YES;
				CLANG_WARN_RANGE_LOOP_ANALYSIS = YES;
				CLANG_WARN_STRICT_PROTOTYPES = YES;
				CLANG_WARN_SUSPICIOUS_MOVE = YES;
				CLANG_WARN_UNGUARDED_AVAILABILITY = YES_AGGRESSIVE;
				CLANG_WARN_UNREACHABLE_CODE = YES;
				CLANG_WARN__DUPLICATE_METHOD_MATCH = YES;
				CODE_SIGN_STYLE = Automatic;
				COPY_PHASE_STRIP = NO;
				DEBUG_INFORMATION_FORMAT = dwarf;
				DEVELOPMENT_TEAM = "";
				ENABLE_STRICT_OBJC_MSGSEND = YES;
				ENABLE_TESTABILITY = YES;
				GCC_C_LANGUAGE_STANDARD = gnu11;
				GCC_DYNAMIC_NO_PIC = NO;
				GCC_NO_COMMON_BLOCKS = YES;
				GCC_OPTIMIZATION_LEVEL = 0;
				GCC_PREPROCESSOR_DEFINITIONS = (
					"$(inherited)",
					"DEBUG=1",
				);
				GCC_WARN_64_TO_32_BIT_CONVERSION = YES;
				GCC_WARN_ABOUT_RETURN_TYPE = YES_ERROR;
				GCC_WARN_UNDECLARED_SELECTOR = YES;
				GCC_WARN_UNINITIALIZED_AUTOS = YES_AGGRESSIVE;
				GCC_WARN_UNUSED_FUNCTION = YES;
				GCC_WARN_UNUSED_VARIABLE = YES;
				MACOSX_DEPLOYMENT_TARGET = 14.0;
				MTL_ENABLE_DEBUG_INFO = INCLUDE_SOURCE;
				MTL_FAST_MATH = YES;
				ONLY_ACTIVE_ARCH = YES;
				PRODUCT_BUNDLE_IDENTIFIER = com.niki.desktop;
				PRODUCT_NAME = "$(TARGET_NAME)";
				SDKROOT = macosx;
				SWIFT_ACTIVE_COMPILATION_CONDITIONS = DEBUG;
				SWIFT_OPTIMIZATION_LEVEL = "-Onone";
				SWIFT_VERSION = 5.10;
			};
			name = Debug;
		};
		A36D0056F68F49C4D3493EFE /* Debug */ = {
			isa = XCBuildConfiguration;
			buildSettings = {
				ASSETCATALOG_COMPILER_APPICON_NAME = AppIcon;
				COMBINE_HIDPI_IMAGES = YES;
				CURRENT_PROJECT_VERSION = 1;
				ENABLE_HARDENED_RUNTIME = NO;
				GENERATE_INFOPLIST_FILE = YES;
				INFOPLIST_KEY_CFBundleDisplayName = Niki;
				INFOPLIST_KEY_LSApplicationCategoryType = "public.app-category.productivity";
				INFOPLIST_KEY_NSHumanReadableCopyright = "";
				INFOPLIST_KEY_NSMicrophoneUsageDescription = "Niki uses the microphone to transcribe voice prompts into chat.";
				INFOPLIST_KEY_NSPrincipalClass = NSApplication;
				LD_RUNPATH_SEARCH_PATHS = (
					"$(inherited)",
					"@executable_path/../Frameworks",
				);
				MACOSX_DEPLOYMENT_TARGET = 14.0;
				MARKETING_VERSION = 1.0;
				PRODUCT_NAME = Niki;
				SDKROOT = macosx;
			};
			name = Debug;
		};
/* End XCBuildConfiguration section */

/* Begin XCConfigurationList section */
		4A26658591281EAE3D5F2D58 /* Build configuration list for PBXNativeTarget "NikiDesktop" */ = {
			isa = XCConfigurationList;
			buildConfigurations = (
				A36D0056F68F49C4D3493EFE /* Debug */,
				5DE8CD838E4A0833749419D1 /* Release */,
			);
			defaultConfigurationIsVisible = 0;
			defaultConfigurationName = Debug;
		};
		74911BF7FC8DD1E0DD1729CF /* Build configuration list for PBXProject "NikiDesktop" */ = {
			isa = XCConfigurationList;
			buildConfigurations = (
				64F5A0F284CFC8704B73A2CD /* Debug */,
				28792AE6B5E55F78534545B5 /* Release */,
			);
			defaultConfigurationIsVisible = 0;
			defaultConfigurationName = Debug;
		};
/* End XCConfigurationList section */
	};
	rootObject = CCE4EC123361F1A802A9B537 /* Project object */;
}
